
Microsoft Visual Studio Solution File, Format Version 12.00
# Visual Studio Version 17
VisualStudioVersion = 17.8.34511.84
MinimumVisualStudioVersion = 10.0.40219.1
Project("{FAE04EC0-301F-11D3-BF4B-00C04F79EFBC}") = "PulseTestMenu", "PulseTestMenu\PulseTestMenu.csproj", "{EDCF4A0B-E503-415E-B643-296AD2C87684}"
EndProject
Global
	GlobalSection(SolutionConfigurationPlatforms) = preSolution
		Debug|Any CPU = Debug|Any CPU
		Release|Any CPU = Release|Any CPU
	EndGlobalSection
	GlobalSection(ProjectConfigurationPlatforms) = postSolution
		{EDCF4A0B-E503-415E-B643-296AD2C87684}.Debug|Any CPU.ActiveCfg = Debug|Any CPU
		{EDCF4A0B-E503-415E-B643-296AD2C87684}.Debug|Any CPU.Build.0 = Debug|Any CPU
		{EDCF4A0B-E503-415E-B643-296AD2C87684}.Release|Any CPU.ActiveCfg = Release|Any CPU
		{EDCF4A0B-E503-415E-B643-296AD2C87684}.Release|Any CPU.Build.0 = Release|Any CPU
	EndGlobalSection
	GlobalSection(SolutionProperties) = preSolution
		HideSolutionNode = FALSE
	EndGlobalSection
	GlobalSection(ExtensibilityGlobals) = postSolution
		SolutionGuid = {798B1D3B-8CFB-49F9-93ED-6976B04C57B2}
	EndGlobalSection
EndGlobal
